// !$*UTF8*$!
{
	archiveVersion = 1;
	classes = {
	};
	objectVersion = 46;
	objects = {

/* Begin PBXBuildFile section */
		CD975F4819F2045500A20C86 /* main.m in Sources */ = {isa = PBXBuildFile; fileRef = CD975F4719F2045500A20C86 /* main.m */; };
		CD975F4B19F2045500A20C86 /* AppDelegate.m in Sources */ = {isa = PBXBuildFile; fileRef = CD975F4A19F2045500A20C86 /* AppDelegate.m */; };
		CD975F4E19F2045500A20C86 /* ViewController.m in Sources */ = {isa = PBXBuildFile; fileRef = CD975F4D19F2045500A20C86 /* ViewController.m */; };
		CD975F5119F2045500A20C86 /* Main.storyboard in Resources */ = {isa = PBXBuildFile; fileRef = CD975F4F19F2045500A20C86 /* Main.storyboard */; };
		CD975F5319F2045500A20C86 /* Images.xcassets in Resources */ = {isa = PBXBuildFile; fileRef = CD975F5219F2045500A20C86 /* Images.xcassets */; };
		CD975F5619F2045500A20C86 /* LaunchScreen.xib in Resources */ = {isa = PBXBuildFile; fileRef = CD975F5419F2045500A20C86 /* LaunchScreen.xib */; };
		CD975F6219F2045600A20C86 /* limelightTests.m in Sources */ = {isa = PBXBuildFile; fileRef = CD975F6119F2045600A20C86 /* limelightTests.m */; };
		CD975F7719F245B800A20C86 /* OSSpritz.m in Sources */ = {isa = PBXBuildFile; fileRef = CD975F7419F245B800A20C86 /* OSSpritz.m */; };
		CD975F7819F245B800A20C86 /* OSSpritzLabel.m in Sources */ = {isa = PBXBuildFile; fileRef = CD975F7619F245B800A20C86 /* OSSpritzLabel.m */; };
		CD975F7C19F2528F00A20C86 /* back.png in Resources */ = {isa = PBXBuildFile; fileRef = CD975F7919F2528F00A20C86 /* back.png */; };
		CD975F7D19F2528F00A20C86 /* play.png in Resources */ = {isa = PBXBuildFile; fileRef = CD975F7A19F2528F00A20C86 /* play.png */; };
		CD975F7E19F2528F00A20C86 /* forward.png in Resources */ = {isa = PBXBuildFile; fileRef = CD975F7B19F2528F00A20C86 /* forward.png */; };
		CDAFD2A119F26BE2001600FE /* pause.png in Resources */ = {isa = PBXBuildFile; fileRef = CDAFD2A019F26BE2001600FE /* pause.png */; };
		CDAFD32619F2B3DD001600FE /* HTMLComment.m in Sources */ = {isa = PBXBuildFile; fileRef = CDAFD30219F2B3DD001600FE /* HTMLComment.m */; };
		CDAFD32719F2B3DD001600FE /* HTMLDocument.m in Sources */ = {isa = PBXBuildFile; fileRef = CDAFD30419F2B3DD001600FE /* HTMLDocument.m */; };
		CDAFD32819F2B3DD001600FE /* HTMLDocumentType.m in Sources */ = {isa = PBXBuildFile; fileRef = CDAFD30619F2B3DD001600FE /* HTMLDocumentType.m */; };
		CDAFD32919F2B3DD001600FE /* HTMLElement.m in Sources */ = {isa = PBXBuildFile; fileRef = CDAFD30819F2B3DD001600FE /* HTMLElement.m */; };
		CDAFD32A19F2B3DD001600FE /* HTMLEntities.m in Sources */ = {isa = PBXBuildFile; fileRef = CDAFD30A19F2B3DD001600FE /* HTMLEntities.m */; };
		CDAFD32B19F2B3DD001600FE /* HTMLNode.m in Sources */ = {isa = PBXBuildFile; fileRef = CDAFD30D19F2B3DD001600FE /* HTMLNode.m */; };
		CDAFD32C19F2B3DD001600FE /* HTMLOrderedDictionary.m in Sources */ = {isa = PBXBuildFile; fileRef = CDAFD30F19F2B3DD001600FE /* HTMLOrderedDictionary.m */; };
		CDAFD32D19F2B3DD001600FE /* HTMLParser.m in Sources */ = {isa = PBXBuildFile; fileRef = CDAFD31119F2B3DD001600FE /* HTMLParser.m */; };
		CDAFD32E19F2B3DD001600FE /* HTMLPreprocessedInputStream.m in Sources */ = {isa = PBXBuildFile; fileRef = CDAFD31319F2B3DD001600FE /* HTMLPreprocessedInputStream.m */; };
		CDAFD32F19F2B3DD001600FE /* HTMLSelector.m in Sources */ = {isa = PBXBuildFile; fileRef = CDAFD31719F2B3DD001600FE /* HTMLSelector.m */; };
		CDAFD33019F2B3DD001600FE /* HTMLSerialization.m in Sources */ = {isa = PBXBuildFile; fileRef = CDAFD31919F2B3DD001600FE /* HTMLSerialization.m */; };
		CDAFD33119F2B3DD001600FE /* HTMLString.m in Sources */ = {isa = PBXBuildFile; fileRef = CDAFD31B19F2B3DD001600FE /* HTMLString.m */; };
		CDAFD33219F2B3DD001600FE /* HTMLTextNode.m in Sources */ = {isa = PBXBuildFile; fileRef = CDAFD31E19F2B3DD001600FE /* HTMLTextNode.m */; };
		CDAFD33319F2B3DD001600FE /* HTMLTokenizer.m in Sources */ = {isa = PBXBuildFile; fileRef = CDAFD32019F2B3DD001600FE /* HTMLTokenizer.m */; };
		CDAFD33419F2B3DD001600FE /* HTMLTreeEnumerator.m in Sources */ = {isa = PBXBuildFile; fileRef = CDAFD32319F2B3DD001600FE /* HTMLTreeEnumerator.m */; };
		CDAFD33519F2B3DD001600FE /* NSString+HTMLEntities.m in Sources */ = {isa = PBXBuildFile; fileRef = CDAFD32519F2B3DD001600FE /* NSString+HTMLEntities.m */; };
		CDAFD33919F2C37A001600FE /* usatodaylogo.png in Resources */ = {isa = PBXBuildFile; fileRef = CDAFD33819F2C37A001600FE /* usatodaylogo.png */; };
		CDAFD33C19F2D770001600FE /* hamburger.png in Resources */ = {isa = PBXBuildFile; fileRef = CDAFD33A19F2D770001600FE /* hamburger.png */; };
		CDAFD33D19F2D770001600FE /* sections.png in Resources */ = {isa = PBXBuildFile; fileRef = CDAFD33B19F2D770001600FE /* sections.png */; };
		CDAFD33F19F2E8EB001600FE /* logo.png in Resources */ = {isa = PBXBuildFile; fileRef = CDAFD33E19F2E8EB001600FE /* logo.png */; };
		CDAFD34119F2E9FF001600FE /* splash.png in Resources */ = {isa = PBXBuildFile; fileRef = CDAFD34019F2E9FF001600FE /* splash.png */; };
/* End PBXBuildFile section */

/* Begin PBXContainerItemProxy section */
		CD975F5C19F2045600A20C86 /* PBXContainerItemProxy */ = {
			isa = PBXContainerItemProxy;
			containerPortal = CD975F3A19F2045500A20C86 /* Project object */;
			proxyType = 1;
			remoteGlobalIDString = CD975F4119F2045500A20C86;
			remoteInfo = limelight;
		};
/* End PBXContainerItemProxy section */

/* Begin PBXFileReference section */
		CD975F4219F2045500A20C86 /* limelight.app */ = {isa = PBXFileReference; explicitFileType = wrapper.application; includeInIndex = 0; path = limelight.app; sourceTree = BUILT_PRODUCTS_DIR; };
		CD975F4619F2045500A20C86 /* Info.plist */ = {isa = PBXFileReference; lastKnownFileType = text.plist.xml; path = Info.plist; sourceTree = "<group>"; };
		CD975F4719F2045500A20C86 /* main.m */ = {isa = PBXFileReference; lastKnownFileType = sourcecode.c.objc; path = main.m; sourceTree = "<group>"; };
		CD975F4919F2045500A20C86 /* AppDelegate.h */ = {isa = PBXFileReference; lastKnownFileType = sourcecode.c.h; path = AppDelegate.h; sourceTree = "<group>"; };
		CD975F4A19F2045500A20C86 /* AppDelegate.m */ = {isa = PBXFileReference; lastKnownFileType = sourcecode.c.objc; path = AppDelegate.m; sourceTree = "<group>"; };
		CD975F4C19F2045500A20C86 /* ViewController.h */ = {isa = PBXFileReference; lastKnownFileType = sourcecode.c.h; path = ViewController.h; sourceTree = "<group>"; };
		CD975F4D19F2045500A20C86 /* ViewController.m */ = {isa = PBXFileReference; lastKnownFileType = sourcecode.c.objc; path = ViewController.m; sourceTree = "<group>"; };
		CD975F5019F2045500A20C86 /* Base */ = {isa = PBXFileReference; lastKnownFileType = file.storyboard; name = Base; path = Base.lproj/Main.storyboard; sourceTree = "<group>"; };
		CD975F5219F2045500A20C86 /* Images.xcassets */ = {isa = PBXFileReference; lastKnownFileType = folder.assetcatalog; path = Images.xcassets; sourceTree = "<group>"; };
		CD975F5519F2045500A20C86 /* Base */ = {isa = PBXFileReference; lastKnownFileType = file.xib; name = Base; path = Base.lproj/LaunchScreen.xib; sourceTree = "<group>"; };
		CD975F5B19F2045600A20C86 /* limelightTests.xctest */ = {isa = PBXFileReference; explicitFileType = wrapper.cfbundle; includeInIndex = 0; path = limelightTests.xctest; sourceTree = BUILT_PRODUCTS_DIR; };
		CD975F6019F2045600A20C86 /* Info.plist */ = {isa = PBXFileReference; lastKnownFileType = text.plist.xml; path = Info.plist; sourceTree = "<group>"; };
		CD975F6119F2045600A20C86 /* limelightTests.m */ = {isa = PBXFileReference; lastKnownFileType = sourcecode.c.objc; path = limelightTests.m; sourceTree = "<group>"; };
		CD975F7319F245B800A20C86 /* OSSpritz.h */ = {isa = PBXFileReference; fileEncoding = 4; lastKnownFileType = sourcecode.c.h; path = OSSpritz.h; sourceTree = "<group>"; };
		CD975F7419F245B800A20C86 /* OSSpritz.m */ = {isa = PBXFileReference; fileEncoding = 4; lastKnownFileType = sourcecode.c.objc; path = OSSpritz.m; sourceTree = "<group>"; };
		CD975F7519F245B800A20C86 /* OSSpritzLabel.h */ = {isa = PBXFileReference; fileEncoding = 4; lastKnownFileType = sourcecode.c.h; path = OSSpritzLabel.h; sourceTree = "<group>"; };
		CD975F7619F245B800A20C86 /* OSSpritzLabel.m */ = {isa = PBXFileReference; fileEncoding = 4; lastKnownFileType = sourcecode.c.objc; path = OSSpritzLabel.m; sourceTree = "<group>"; };
		CD975F7919F2528F00A20C86 /* back.png */ = {isa = PBXFileReference; lastKnownFileType = image.png; path = back.png; sourceTree = "<group>"; };
		CD975F7A19F2528F00A20C86 /* play.png */ = {isa = PBXFileReference; lastKnownFileType = image.png; path = play.png; sourceTree = "<group>"; };
		CD975F7B19F2528F00A20C86 /* forward.png */ = {isa = PBXFileReference; lastKnownFileType = image.png; path = forward.png; sourceTree = "<group>"; };
		CDAFD2A019F26BE2001600FE /* pause.png */ = {isa = PBXFileReference; lastKnownFileType = image.png; path = pause.png; sourceTree = "<group>"; };
		CDAFD30119F2B3DD001600FE /* HTMLComment.h */ = {isa = PBXFileReference; fileEncoding = 4; lastKnownFileType = sourcecode.c.h; path = HTMLComment.h; sourceTree = "<group>"; };
		CDAFD30219F2B3DD001600FE /* HTMLComment.m */ = {isa = PBXFileReference; fileEncoding = 4; lastKnownFileType = sourcecode.c.objc; path = HTMLComment.m; sourceTree = "<group>"; };
		CDAFD30319F2B3DD001600FE /* HTMLDocument.h */ = {isa = PBXFileReference; fileEncoding = 4; lastKnownFileType = sourcecode.c.h; path = HTMLDocument.h; sourceTree = "<group>"; };
		CDAFD30419F2B3DD001600FE /* HTMLDocument.m */ = {isa = PBXFileReference; fileEncoding = 4; lastKnownFileType = sourcecode.c.objc; path = HTMLDocument.m; sourceTree = "<group>"; };
		CDAFD30519F2B3DD001600FE /* HTMLDocumentType.h */ = {isa = PBXFileReference; fileEncoding = 4; lastKnownFileType = sourcecode.c.h; path = HTMLDocumentType.h; sourceTree = "<group>"; };
		CDAFD30619F2B3DD001600FE /* HTMLDocumentType.m */ = {isa = PBXFileReference; fileEncoding = 4; lastKnownFileType = sourcecode.c.objc; path = HTMLDocumentType.m; sourceTree = "<group>"; };
		CDAFD30719F2B3DD001600FE /* HTMLElement.h */ = {isa = PBXFileReference; fileEncoding = 4; lastKnownFileType = sourcecode.c.h; path = HTMLElement.h; sourceTree = "<group>"; };
		CDAFD30819F2B3DD001600FE /* HTMLElement.m */ = {isa = PBXFileReference; fileEncoding = 4; lastKnownFileType = sourcecode.c.objc; path = HTMLElement.m; sourceTree = "<group>"; };
		CDAFD30919F2B3DD001600FE /* HTMLEntities.h */ = {isa = PBXFileReference; fileEncoding = 4; lastKnownFileType = sourcecode.c.h; path = HTMLEntities.h; sourceTree = "<group>"; };
		CDAFD30A19F2B3DD001600FE /* HTMLEntities.m */ = {isa = PBXFileReference; fileEncoding = 4; lastKnownFileType = sourcecode.c.objc; path = HTMLEntities.m; sourceTree = "<group>"; };
		CDAFD30B19F2B3DD001600FE /* HTMLNamespace.h */ = {isa = PBXFileReference; fileEncoding = 4; lastKnownFileType = sourcecode.c.h; path = HTMLNamespace.h; sourceTree = "<group>"; };
		CDAFD30C19F2B3DD001600FE /* HTMLNode.h */ = {isa = PBXFileReference; fileEncoding = 4; lastKnownFileType = sourcecode.c.h; path = HTMLNode.h; sourceTree = "<group>"; };
		CDAFD30D19F2B3DD001600FE /* HTMLNode.m */ = {isa = PBXFileReference; fileEncoding = 4; lastKnownFileType = sourcecode.c.objc; path = HTMLNode.m; sourceTree = "<group>"; };
		CDAFD30E19F2B3DD001600FE /* HTMLOrderedDictionary.h */ = {isa = PBXFileReference; fileEncoding = 4; lastKnownFileType = sourcecode.c.h; path = HTMLOrderedDictionary.h; sourceTree = "<group>"; };
		CDAFD30F19F2B3DD001600FE /* HTMLOrderedDictionary.m */ = {isa = PBXFileReference; fileEncoding = 4; lastKnownFileType = sourcecode.c.objc; path = HTMLOrderedDictionary.m; sourceTree = "<group>"; };
		CDAFD31019F2B3DD001600FE /* HTMLParser.h */ = {isa = PBXFileReference; fileEncoding = 4; lastKnownFileType = sourcecode.c.h; path = HTMLParser.h; sourceTree = "<group>"; };
		CDAFD31119F2B3DD001600FE /* HTMLParser.m */ = {isa = PBXFileReference; fileEncoding = 4; lastKnownFileType = sourcecode.c.objc; path = HTMLParser.m; sourceTree = "<group>"; };
		CDAFD31219F2B3DD001600FE /* HTMLPreprocessedInputStream.h */ = {isa = PBXFileReference; fileEncoding = 4; lastKnownFileType = sourcecode.c.h; path = HTMLPreprocessedInputStream.h; sourceTree = "<group>"; };
		CDAFD31319F2B3DD001600FE /* HTMLPreprocessedInputStream.m */ = {isa = PBXFileReference; fileEncoding = 4; lastKnownFileType = sourcecode.c.objc; path = HTMLPreprocessedInputStream.m; sourceTree = "<group>"; };
		CDAFD31419F2B3DD001600FE /* HTMLQuirksMode.h */ = {isa = PBXFileReference; fileEncoding = 4; lastKnownFileType = sourcecode.c.h; path = HTMLQuirksMode.h; sourceTree = "<group>"; };
		CDAFD31519F2B3DD001600FE /* HTMLReader.h */ = {isa = PBXFileReference; fileEncoding = 4; lastKnownFileType = sourcecode.c.h; path = HTMLReader.h; sourceTree = "<group>"; };
		CDAFD31619F2B3DD001600FE /* HTMLSelector.h */ = {isa = PBXFileReference; fileEncoding = 4; lastKnownFileType = sourcecode.c.h; path = HTMLSelector.h; sourceTree = "<group>"; };
		CDAFD31719F2B3DD001600FE /* HTMLSelector.m */ = {isa = PBXFileReference; fileEncoding = 4; lastKnownFileType = sourcecode.c.objc; path = HTMLSelector.m; sourceTree = "<group>"; };
		CDAFD31819F2B3DD001600FE /* HTMLSerialization.h */ = {isa = PBXFileReference; fileEncoding = 4; lastKnownFileType = sourcecode.c.h; path = HTMLSerialization.h; sourceTree = "<group>"; };
		CDAFD31919F2B3DD001600FE /* HTMLSerialization.m */ = {isa = PBXFileReference; fileEncoding = 4; lastKnownFileType = sourcecode.c.objc; path = HTMLSerialization.m; sourceTree = "<group>"; };
		CDAFD31A19F2B3DD001600FE /* HTMLString.h */ = {isa = PBXFileReference; fileEncoding = 4; lastKnownFileType = sourcecode.c.h; path = HTMLString.h; sourceTree = "<group>"; };
		CDAFD31B19F2B3DD001600FE /* HTMLString.m */ = {isa = PBXFileReference; fileEncoding = 4; lastKnownFileType = sourcecode.c.objc; path = HTMLString.m; sourceTree = "<group>"; };
		CDAFD31C19F2B3DD001600FE /* HTMLSupport.h */ = {isa = PBXFileReference; fileEncoding = 4; lastKnownFileType = sourcecode.c.h; path = HTMLSupport.h; sourceTree = "<group>"; };
		CDAFD31D19F2B3DD001600FE /* HTMLTextNode.h */ = {isa = PBXFileReference; fileEncoding = 4; lastKnownFileType = sourcecode.c.h; path = HTMLTextNode.h; sourceTree = "<group>"; };
		CDAFD31E19F2B3DD001600FE /* HTMLTextNode.m */ = {isa = PBXFileReference; fileEncoding = 4; lastKnownFileType = sourcecode.c.objc; path = HTMLTextNode.m; sourceTree = "<group>"; };
		CDAFD31F19F2B3DD001600FE /* HTMLTokenizer.h */ = {isa = PBXFileReference; fileEncoding = 4; lastKnownFileType = sourcecode.c.h; path = HTMLTokenizer.h; sourceTree = "<group>"; };
		CDAFD32019F2B3DD001600FE /* HTMLTokenizer.m */ = {isa = PBXFileReference; fileEncoding = 4; lastKnownFileType = sourcecode.c.objc; path = HTMLTokenizer.m; sourceTree = "<group>"; };
		CDAFD32119F2B3DD001600FE /* HTMLTokenizerState.h */ = {isa = PBXFileReference; fileEncoding = 4; lastKnownFileType = sourcecode.c.h; path = HTMLTokenizerState.h; sourceTree = "<group>"; };
		CDAFD32219F2B3DD001600FE /* HTMLTreeEnumerator.h */ = {isa = PBXFileReference; fileEncoding = 4; lastKnownFileType = sourcecode.c.h; path = HTMLTreeEnumerator.h; sourceTree = "<group>"; };
		CDAFD32319F2B3DD001600FE /* HTMLTreeEnumerator.m */ = {isa = PBXFileReference; fileEncoding = 4; lastKnownFileType = sourcecode.c.objc; path = HTMLTreeEnumerator.m; sourceTree = "<group>"; };
		CDAFD32419F2B3DD001600FE /* NSString+HTMLEntities.h */ = {isa = PBXFileReference; fileEncoding = 4; lastKnownFileType = sourcecode.c.h; path = "NSString+HTMLEntities.h"; sourceTree = "<group>"; };
		CDAFD32519F2B3DD001600FE /* NSString+HTMLEntities.m */ = {isa = PBXFileReference; fileEncoding = 4; lastKnownFileType = sourcecode.c.objc; path = "NSString+HTMLEntities.m"; sourceTree = "<group>"; };
		CDAFD33819F2C37A001600FE /* usatodaylogo.png */ = {isa = PBXFileReference; lastKnownFileType = image.png; path = usatodaylogo.png; sourceTree = "<group>"; };
		CDAFD33A19F2D770001600FE /* hamburger.png */ = {isa = PBXFileReference; lastKnownFileType = image.png; path = hamburger.png; sourceTree = "<group>"; };
		CDAFD33B19F2D770001600FE /* sections.png */ = {isa = PBXFileReference; lastKnownFileType = image.png; path = sections.png; sourceTree = "<group>"; };
		CDAFD33E19F2E8EB001600FE /* logo.png */ = {isa = PBXFileReference; lastKnownFileType = image.png; path = logo.png; sourceTree = "<group>"; };
		CDAFD34019F2E9FF001600FE /* splash.png */ = {isa = PBXFileReference; lastKnownFileType = image.png; path = splash.png; sourceTree = "<group>"; };
/* End PBXFileReference section */

/* Begin PBXFrameworksBuildPhase section */
		CD975F3F19F2045500A20C86 /* Frameworks */ = {
			isa = PBXFrameworksBuildPhase;
			buildActionMask = 2147483647;
			files = (
			);
			runOnlyForDeploymentPostprocessing = 0;
		};
		CD975F5819F2045600A20C86 /* Frameworks */ = {
			isa = PBXFrameworksBuildPhase;
			buildActionMask = 2147483647;
			files = (
			);
			runOnlyForDeploymentPostprocessing = 0;
		};
/* End PBXFrameworksBuildPhase section */

/* Begin PBXGroup section */
		CD975F3919F2045500A20C86 = {
			isa = PBXGroup;
			children = (
				CD975F4419F2045500A20C86 /* limelight */,
				CD975F5E19F2045600A20C86 /* limelightTests */,
				CD975F4319F2045500A20C86 /* Products */,
			);
			sourceTree = "<group>";
		};
		CD975F4319F2045500A20C86 /* Products */ = {
			isa = PBXGroup;
			children = (
				CD975F4219F2045500A20C86 /* limelight.app */,
				CD975F5B19F2045600A20C86 /* limelightTests.xctest */,
			);
			name = Products;
			sourceTree = "<group>";
		};
		CD975F4419F2045500A20C86 /* limelight */ = {
			isa = PBXGroup;
			children = (
				CDAFD34019F2E9FF001600FE /* splash.png */,
				CDAFD33E19F2E8EB001600FE /* logo.png */,
				CDAFD33A19F2D770001600FE /* hamburger.png */,
				CDAFD33B19F2D770001600FE /* sections.png */,
				CDAFD33819F2C37A001600FE /* usatodaylogo.png */,
				CDAFD30019F2B3DD001600FE /* HTML */,
				CDAFD2A019F26BE2001600FE /* pause.png */,
				CD975F7919F2528F00A20C86 /* back.png */,
				CD975F7A19F2528F00A20C86 /* play.png */,
				CD975F7B19F2528F00A20C86 /* forward.png */,
				CD975F7219F245B800A20C86 /* OSSpritz */,
				CD975F4919F2045500A20C86 /* AppDelegate.h */,
				CD975F4A19F2045500A20C86 /* AppDelegate.m */,
				CD975F4C19F2045500A20C86 /* ViewController.h */,
				CD975F4D19F2045500A20C86 /* ViewController.m */,
				CD975F4F19F2045500A20C86 /* Main.storyboard */,
				CD975F5219F2045500A20C86 /* Images.xcassets */,
				CD975F5419F2045500A20C86 /* LaunchScreen.xib */,
				CD975F4519F2045500A20C86 /* Supporting Files */,
			);
			path = limelight;
			sourceTree = "<group>";
		};
		CD975F4519F2045500A20C86 /* Supporting Files */ = {
			isa = PBXGroup;
			children = (
				CD975F4619F2045500A20C86 /* Info.plist */,
				CD975F4719F2045500A20C86 /* main.m */,
			);
			name = "Supporting Files";
			sourceTree = "<group>";
		};
		CD975F5E19F2045600A20C86 /* limelightTests */ = {
			isa = PBXGroup;
			children = (
				CD975F6119F2045600A20C86 /* limelightTests.m */,
				CD975F5F19F2045600A20C86 /* Supporting Files */,
			);
			path = limelightTests;
			sourceTree = "<group>";
		};
		CD975F5F19F2045600A20C86 /* Supporting Files */ = {
			isa = PBXGroup;
			children = (
				CD975F6019F2045600A20C86 /* Info.plist */,
			);
			name = "Supporting Files";
			sourceTree = "<group>";
		};
		CD975F7219F245B800A20C86 /* OSSpritz */ = {
			isa = PBXGroup;
			children = (
				CD975F7319F245B800A20C86 /* OSSpritz.h */,
				CD975F7419F245B800A20C86 /* OSSpritz.m */,
				CD975F7519F245B800A20C86 /* OSSpritzLabel.h */,
				CD975F7619F245B800A20C86 /* OSSpritzLabel.m */,
			);
			path = OSSpritz;
			sourceTree = "<group>";
		};
		CDAFD30019F2B3DD001600FE /* HTML */ = {
			isa = PBXGroup;
			children = (
				CDAFD30119F2B3DD001600FE /* HTMLComment.h */,
				CDAFD30219F2B3DD001600FE /* HTMLComment.m */,
				CDAFD30319F2B3DD001600FE /* HTMLDocument.h */,
				CDAFD30419F2B3DD001600FE /* HTMLDocument.m */,
				CDAFD30519F2B3DD001600FE /* HTMLDocumentType.h */,
				CDAFD30619F2B3DD001600FE /* HTMLDocumentType.m */,
				CDAFD30719F2B3DD001600FE /* HTMLElement.h */,
				CDAFD30819F2B3DD001600FE /* HTMLElement.m */,
				CDAFD30919F2B3DD001600FE /* HTMLEntities.h */,
				CDAFD30A19F2B3DD001600FE /* HTMLEntities.m */,
				CDAFD30B19F2B3DD001600FE /* HTMLNamespace.h */,
				CDAFD30C19F2B3DD001600FE /* HTMLNode.h */,
				CDAFD30D19F2B3DD001600FE /* HTMLNode.m */,
				CDAFD30E19F2B3DD001600FE /* HTMLOrderedDictionary.h */,
				CDAFD30F19F2B3DD001600FE /* HTMLOrderedDictionary.m */,
				CDAFD31019F2B3DD001600FE /* HTMLParser.h */,
				CDAFD31119F2B3DD001600FE /* HTMLParser.m */,
				CDAFD31219F2B3DD001600FE /* HTMLPreprocessedInputStream.h */,
				CDAFD31319F2B3DD001600FE /* HTMLPreprocessedInputStream.m */,
				CDAFD31419F2B3DD001600FE /* HTMLQuirksMode.h */,
				CDAFD31519F2B3DD001600FE /* HTMLReader.h */,
				CDAFD31619F2B3DD001600FE /* HTMLSelector.h */,
				CDAFD31719F2B3DD001600FE /* HTMLSelector.m */,
				CDAFD31819F2B3DD001600FE /* HTMLSerialization.h */,
				CDAFD31919F2B3DD001600FE /* HTMLSerialization.m */,
				CDAFD31A19F2B3DD001600FE /* HTMLString.h */,
				CDAFD31B19F2B3DD001600FE /* HTMLString.m */,
				CDAFD31C19F2B3DD001600FE /* HTMLSupport.h */,
				CDAFD31D19F2B3DD001600FE /* HTMLTextNode.h */,
				CDAFD31E19F2B3DD001600FE /* HTMLTextNode.m */,
				CDAFD31F19F2B3DD001600FE /* HTMLTokenizer.h */,
				CDAFD32019F2B3DD001600FE /* HTMLTokenizer.m */,
				CDAFD32119F2B3DD001600FE /* HTMLTokenizerState.h */,
				CDAFD32219F2B3DD001600FE /* HTMLTreeEnumerator.h */,
				CDAFD32319F2B3DD001600FE /* HTMLTreeEnumerator.m */,
				CDAFD32419F2B3DD001600FE /* NSString+HTMLEntities.h */,
				CDAFD32519F2B3DD001600FE /* NSString+HTMLEntities.m */,
			);
			path = HTML;
			sourceTree = "<group>";
		};
/* End PBXGroup section */

/* Begin PBXNativeTarget section */
		CD975F4119F2045500A20C86 /* limelight */ = {
			isa = PBXNativeTarget;
			buildConfigurationList = CD975F6519F2045600A20C86 /* Build configuration list for PBXNativeTarget "limelight" */;
			buildPhases = (
				CD975F3E19F2045500A20C86 /* Sources */,
				CD975F3F19F2045500A20C86 /* Frameworks */,
				CD975F4019F2045500A20C86 /* Resources */,
			);
			buildRules = (
			);
			dependencies = (
			);
			name = limelight;
			productName = limelight;
			productReference = CD975F4219F2045500A20C86 /* limelight.app */;
			productType = "com.apple.product-type.application";
		};
		CD975F5A19F2045600A20C86 /* limelightTests */ = {
			isa = PBXNativeTarget;
			buildConfigurationList = CD975F6819F2045600A20C86 /* Build configuration list for PBXNativeTarget "limelightTests" */;
			buildPhases = (
				CD975F5719F2045600A20C86 /* Sources */,
				CD975F5819F2045600A20C86 /* Frameworks */,
				CD975F5919F2045600A20C86 /* Resources */,
			);
			buildRules = (
			);
			dependencies = (
				CD975F5D19F2045600A20C86 /* PBXTargetDependency */,
			);
			name = limelightTests;
			productName = limelightTests;
			productReference = CD975F5B19F2045600A20C86 /* limelightTests.xctest */;
			productType = "com.apple.product-type.bundle.unit-test";
		};
/* End PBXNativeTarget section */

/* Begin PBXProject section */
		CD975F3A19F2045500A20C86 /* Project object */ = {
			isa = PBXProject;
			attributes = {
				LastUpgradeCheck = 0600;
				ORGANIZATIONNAME = "Patrick Chiang";
				TargetAttributes = {
					CD975F4119F2045500A20C86 = {
						CreatedOnToolsVersion = 6.0.1;
					};
					CD975F5A19F2045600A20C86 = {
						CreatedOnToolsVersion = 6.0.1;
						TestTargetID = CD975F4119F2045500A20C86;
					};
				};
			};
			buildConfigurationList = CD975F3D19F2045500A20C86 /* Build configuration list for PBXProject "limelight" */;
			compatibilityVersion = "Xcode 3.2";
			developmentRegion = English;
			hasScannedForEncodings = 0;
			knownRegions = (
				en,
				Base,
			);
			mainGroup = CD975F3919F2045500A20C86;
			productRefGroup = CD975F4319F2045500A20C86 /* Products */;
			projectDirPath = "";
			projectRoot = "";
			targets = (
				CD975F4119F2045500A20C86 /* limelight */,
				CD975F5A19F2045600A20C86 /* limelightTests */,
			);
		};
/* End PBXProject section */

/* Begin PBXResourcesBuildPhase section */
		CD975F4019F2045500A20C86 /* Resources */ = {
			isa = PBXResourcesBuildPhase;
			buildActionMask = 2147483647;
			files = (
				CD975F5119F2045500A20C86 /* Main.storyboard in Resources */,
				CD975F7C19F2528F00A20C86 /* back.png in Resources */,
				CDAFD33F19F2E8EB001600FE /* logo.png in Resources */,
				CD975F5619F2045500A20C86 /* LaunchScreen.xib in Resources */,
				CDAFD34119F2E9FF001600FE /* splash.png in Resources */,
				CDAFD33D19F2D770001600FE /* sections.png in Resources */,
				CDAFD2A119F26BE2001600FE /* pause.png in Resources */,
				CD975F5319F2045500A20C86 /* Images.xcassets in Resources */,
				CD975F7D19F2528F00A20C86 /* play.png in Resources */,
				CDAFD33919F2C37A001600FE /* usatodaylogo.png in Resources */,
				CDAFD33C19F2D770001600FE /* hamburger.png in Resources */,
				CD975F7E19F2528F00A20C86 /* forward.png in Resources */,
			);
			runOnlyForDeploymentPostprocessing = 0;
		};
		CD975F5919F2045600A20C86 /* Resources */ = {
			isa = PBXResourcesBuildPhase;
			buildActionMask = 2147483647;
			files = (
			);
			runOnlyForDeploymentPostprocessing = 0;
		};
/* End PBXResourcesBuildPhase section */

/* Begin PBXSourcesBuildPhase section */
		CD975F3E19F2045500A20C86 /* Sources */ = {
			isa = PBXSourcesBuildPhase;
			buildActionMask = 2147483647;
			files = (
				CDAFD32719F2B3DD001600FE /* HTMLDocument.m in Sources */,
				CDAFD33019F2B3DD001600FE /* HTMLSerialization.m in Sources */,
				CDAFD33419F2B3DD001600FE /* HTMLTreeEnumerator.m in Sources */,
				CDAFD32619F2B3DD001600FE /* HTMLComment.m in Sources */,
				CDAFD32D19F2B3DD001600FE /* HTMLParser.m in Sources */,
				CD975F4E19F2045500A20C86 /* ViewController.m in Sources */,
				CDAFD32A19F2B3DD001600FE /* HTMLEntities.m in Sources */,
				CDAFD32B19F2B3DD001600FE /* HTMLNode.m in Sources */,
				CDAFD32819F2B3DD001600FE /* HTMLDocumentType.m in Sources */,
				CDAFD32F19F2B3DD001600FE /* HTMLSelector.m in Sources */,
				CDAFD33219F2B3DD001600FE /* HTMLTextNode.m in Sources */,
				CDAFD32C19F2B3DD001600FE /* HTMLOrderedDictionary.m in Sources */,
				CDAFD32919F2B3DD001600FE /* HTMLElement.m in Sources */,
				CD975F7819F245B800A20C86 /* OSSpritzLabel.m in Sources */,
				CDAFD33319F2B3DD001600FE /* HTMLTokenizer.m in Sources */,
				CDAFD32E19F2B3DD001600FE /* HTMLPreprocessedInputStream.m in Sources */,
				CDAFD33519F2B3DD001600FE /* NSString+HTMLEntities.m in Sources */,
				CD975F4B19F2045500A20C86 /* AppDelegate.m in Sources */,
				CDAFD33119F2B3DD001600FE /* HTMLString.m in Sources */,
				CD975F4819F2045500A20C86 /* main.m in Sources */,
				CD975F7719F245B800A20C86 /* OSSpritz.m in Sources */,
			);
			runOnlyForDeploymentPostprocessing = 0;
		};
		CD975F5719F2045600A20C86 /* Sources */ = {
			isa = PBXSourcesBuildPhase;
			buildActionMask = 2147483647;
			files = (
				CD975F6219F2045600A20C86 /* limelightTests.m in Sources */,
			);
			runOnlyForDeploymentPostprocessing = 0;
		};
/* End PBXSourcesBuildPhase section */

/* Begin PBXTargetDependency section */
		CD975F5D19F2045600A20C86 /* PBXTargetDependency */ = {
			isa = PBXTargetDependency;
			target = CD975F4119F2045500A20C86 /* limelight */;
			targetProxy = CD975F5C19F2045600A20C86 /* PBXContainerItemProxy */;
		};
/* End PBXTargetDependency section */

/* Begin PBXVariantGroup section */
		CD975F4F19F2045500A20C86 /* Main.storyboard */ = {
			isa = PBXVariantGroup;
			children = (
				CD975F5019F2045500A20C86 /* Base */,
			);
			name = Main.storyboard;
			sourceTree = "<group>";
		};
		CD975F5419F2045500A20C86 /* LaunchScreen.xib */ = {
			isa = PBXVariantGroup;
			children = (
				CD975F5519F2045500A20C86 /* Base */,
			);
			name = LaunchScreen.xib;
			sourceTree = "<group>";
		};
/* End PBXVariantGroup section */

/* Begin XCBuildConfiguration section */
		CD975F6319F2045600A20C86 /* Debug */ = {
			isa = XCBuildConfiguration;
			buildSettings = {
				ALWAYS_SEARCH_USER_PATHS = NO;
				CLANG_CXX_LANGUAGE_STANDARD = "gnu++0x";
				CLANG_CXX_LIBRARY = "libc++";
				CLANG_ENABLE_MODULES = YES;
				CLANG_ENABLE_OBJC_ARC = YES;
				CLANG_WARN_BOOL_CONVERSION = YES;
				CLANG_WARN_CONSTANT_CONVERSION = YES;
				CLANG_WARN_DIRECT_OBJC_ISA_USAGE = YES_ERROR;
				CLANG_WARN_EMPTY_BODY = YES;
				CLANG_WARN_ENUM_CONVERSION = YES;
				CLANG_WARN_INT_CONVERSION = YES;
				CLANG_WARN_OBJC_ROOT_CLASS = YES_ERROR;
				CLANG_WARN_UNREACHABLE_CODE = YES;
				CLANG_WARN__DUPLICATE_METHOD_MATCH = YES;
				"CODE_SIGN_IDENTITY[sdk=iphoneos*]" = "iPhone Developer";
				COPY_PHASE_STRIP = NO;
				ENABLE_STRICT_OBJC_MSGSEND = YES;
				GCC_C_LANGUAGE_STANDARD = gnu99;
				GCC_DYNAMIC_NO_PIC = NO;
				GCC_OPTIMIZATION_LEVEL = 0;
				GCC_PREPROCESSOR_DEFINITIONS = (
					"DEBUG=1",
					"$(inherited)",
				);
				GCC_SYMBOLS_PRIVATE_EXTERN = NO;
				GCC_WARN_64_TO_32_BIT_CONVERSION = YES;
				GCC_WARN_ABOUT_RETURN_TYPE = YES_ERROR;
				GCC_WARN_UNDECLARED_SELECTOR = YES;
				GCC_WARN_UNINITIALIZED_AUTOS = YES_AGGRESSIVE;
				GCC_WARN_UNUSED_FUNCTION = YES;
				GCC_WARN_UNUSED_VARIABLE = YES;
				IPHONEOS_DEPLOYMENT_TARGET = 8.0;
				MTL_ENABLE_DEBUG_INFO = YES;
				ONLY_ACTIVE_ARCH = YES;
				SDKROOT = iphoneos;
				TARGETED_DEVICE_FAMILY = "1,2";
			};
			name = Debug;
		};
		CD975F6419F2045600A20C86 /* Release */ = {
			isa = XCBuildConfiguration;
			buildSettings = {
				ALWAYS_SEARCH_USER_PATHS = NO;
				CLANG_CXX_LANGUAGE_STANDARD = "gnu++0x";
				CLANG_CXX_LIBRARY = "libc++";
				CLANG_ENABLE_MODULES = YES;
				CLANG_ENABLE_OBJC_ARC = YES;
				CLANG_WARN_BOOL_CONVERSION = YES;
				CLANG_WARN_CONSTANT_CONVERSION = YES;
				CLANG_WARN_DIRECT_OBJC_ISA_USAGE = YES_ERROR;
				CLANG_WARN_EMPTY_BODY = YES;
				CLANG_WARN_ENUM_CONVERSION = YES;
				CLANG_WARN_INT_CONVERSION = YES;
				CLANG_WARN_OBJC_ROOT_CLASS = YES_ERROR;
				CLANG_WARN_UNREACHABLE_CODE = YES;
				CLANG_WARN__DUPLICATE_METHOD_MATCH = YES;
				"CODE_SIGN_IDENTITY[sdk=iphoneos*]" = "iPhone Developer";
				COPY_PHASE_STRIP = YES;
				ENABLE_NS_ASSERTIONS = NO;
				ENABLE_STRICT_OBJC_MSGSEND = YES;
				GCC_C_LANGUAGE_STANDARD = gnu99;
				GCC_WARN_64_TO_32_BIT_CONVERSION = YES;
				GCC_WARN_ABOUT_RETURN_TYPE = YES_ERROR;
				GCC_WARN_UNDECLARED_SELECTOR = YES;
				GCC_WARN_UNINITIALIZED_AUTOS = YES_AGGRESSIVE;
				GCC_WARN_UNUSED_FUNCTION = YES;
				GCC_WARN_UNUSED_VARIABLE = YES;
				IPHONEOS_DEPLOYMENT_TARGET = 8.0;
				MTL_ENABLE_DEBUG_INFO = NO;
				SDKROOT = iphoneos;
				TARGETED_DEVICE_FAMILY = "1,2";
				VALIDATE_PRODUCT = YES;
			};
			name = Release;
		};
		CD975F6619F2045600A20C86 /* Debug */ = {
			isa = XCBuildConfiguration;
			buildSettings = {
				ASSETCATALOG_COMPILER_APPICON_NAME = AppIcon;
				INFOPLIST_FILE = limelight/Info.plist;
				LD_RUNPATH_SEARCH_PATHS = "$(inherited) @executable_path/Frameworks";
				PRODUCT_NAME = "$(TARGET_NAME)";
			};
			name = Debug;
		};
		CD975F6719F2045600A20C86 /* Release */ = {
			isa = XCBuildConfiguration;
			buildSettings = {
				ASSETCATALOG_COMPILER_APPICON_NAME = AppIcon;
				INFOPLIST_FILE = limelight/Info.plist;
				LD_RUNPATH_SEARCH_PATHS = "$(inherited) @executable_path/Frameworks";
				PRODUCT_NAME = "$(TARGET_NAME)";
			};
			name = Release;
		};
		CD975F6919F2045600A20C86 /* Debug */ = {
			isa = XCBuildConfiguration;
			buildSettings = {
				BUNDLE_LOADER = "$(TEST_HOST)";
				FRAMEWORK_SEARCH_PATHS = (
					"$(SDKROOT)/Developer/Library/Frameworks",
					"$(inherited)",
				);
				GCC_PREPROCESSOR_DEFINITIONS = (
					"DEBUG=1",
					"$(inherited)",
				);
				INFOPLIST_FILE = limelightTests/Info.plist;
				LD_RUNPATH_SEARCH_PATHS = "$(inherited) @executable_path/Frameworks @loader_path/Frameworks";
				PRODUCT_NAME = "$(TARGET_NAME)";
				TEST_HOST = "$(BUILT_PRODUCTS_DIR)/limelight.app/limelight";
			};
			name = Debug;
		};
		CD975F6A19F2045600A20C86 /* Release */ = {
			isa = XCBuildConfiguration;
			buildSettings = {
				BUNDLE_LOADER = "$(TEST_HOST)";
				FRAMEWORK_SEARCH_PATHS = (
					"$(SDKROOT)/Developer/Library/Frameworks",
					"$(inherited)",
				);
				INFOPLIST_FILE = limelightTests/Info.plist;
				LD_RUNPATH_SEARCH_PATHS = "$(inherited) @executable_path/Frameworks @loader_path/Frameworks";
				PRODUCT_NAME = "$(TARGET_NAME)";
				TEST_HOST = "$(BUILT_PRODUCTS_DIR)/limelight.app/limelight";
			};
			name = Release;
		};
/* End XCBuildConfiguration section */

/* Begin XCConfigurationList section */
		CD975F3D19F2045500A20C86 /* Build configuration list for PBXProject "limelight" */ = {
			isa = XCConfigurationList;
			buildConfigurations = (
				CD975F6319F2045600A20C86 /* Debug */,
				CD975F6419F2045600A20C86 /* Release */,
			);
			defaultConfigurationIsVisible = 0;
			defaultConfigurationName = Release;
		};
		CD975F6519F2045600A20C86 /* Build configuration list for PBXNativeTarget "limelight" */ = {
			isa = XCConfigurationList;
			buildConfigurations = (
				CD975F6619F2045600A20C86 /* Debug */,
				CD975F6719F2045600A20C86 /* Release */,
			);
			defaultConfigurationIsVisible = 0;
			defaultConfigurationName = Release;
		};
		CD975F6819F2045600A20C86 /* Build configuration list for PBXNativeTarget "limelightTests" */ = {
			isa = XCConfigurationList;
			buildConfigurations = (
				CD975F6919F2045600A20C86 /* Debug */,
				CD975F6A19F2045600A20C86 /* Release */,
			);
			defaultConfigurationIsVisible = 0;
			defaultConfigurationName = Release;
		};
/* End XCConfigurationList section */
	};
	rootObject = CD975F3A19F2045500A20C86 /* Project object */;
}
